<?xml version="1.0" encoding="utf-8"?>
<Project ToolsVersion="4.0" xmlns="http://schemas.microsoft.com/developer/msbuild/2003">
  <ItemGroup>
    <Filter Include="Source Files">
      <UniqueIdentifier>{4FC737F1-C7A5-4376-A066-2A32D752A2FF}</UniqueIdentifier>
      <Extensions>cpp;c;cxx;def;odl;idl;hpj;bat;asm;asmx</Extensions>
    </Filter>
    <Filter Include="Header Files">
      <UniqueIdentifier>{93995380-89BD-4b04-88EB-625FBE52EBFB}</UniqueIdentifier>
      <Extensions>h;hpp;hxx;hm;inl;inc;xsd</Extensions>
    </Filter>
    <Filter Include="Resource Files">
      <UniqueIdentifier>{67DA6AB6-F800-4c08-8B7A-83BB121AAD01}</UniqueIdentifier>
      <Extensions>rc;ico;cur;bmp;dlg;rc2;rct;bin;rgs;gif;jpg;jpeg;jpe;resx</Extensions>
    </Filter>
  </ItemGroup>
  <ItemGroup>
    <ClCompile Include="applog.cpp">
      <Filter>Source Files</Filter>
    </ClCompile>
    <ClCompile Include="graphics.cpp">
      <Filter>Source Files</Filter>
    </ClCompile>
    <ClCompile Include="main.cpp">
      <Filter>Source Files</Filter>
    </ClCompile>
    <ClCompile Include="edfPlus.cpp">
      <Filter>Source Files</Filter>
    </ClCompile>
    <ClCompile Include="config.cpp">
      <Filter>Source Files</Filter>
    </ClCompile>
    <ClCompile Include="iniFile.cpp">
      <Filter>Source Files</Filter>
    </ClCompile>
    <ClCompile Include="linkedlist.cpp">
      <Filter>Source Files</Filter>
    </ClCompile>
    <ClCompile Include="serialV4.cpp">
      <Filter>Source Files</Filter>
    </ClCompile>
    <ClCompile Include="util.cpp">
      <Filter>Source Files</Filter>
    </ClCompile>
    <ClCompile Include="thread_WiFi.cpp">
      <Filter>Source Files</Filter>
    </ClCompile>
    <ClCompile Include="thread_upload.cpp">
      <Filter>Source Files</Filter>
    </ClCompile>
    <ClCompile Include="thread_stream.cpp">
      <Filter>Source Files</Filter>
    </ClCompile>
    <ClCompile Include="thread_storage.cpp">
      <Filter>Source Files</Filter>
    </ClCompile>
    <ClCompile Include="thread_sample.cpp">
      <Filter>Source Files</Filter>
    </ClCompile>
    <ClCompile Include="sigproc.cpp">
      <Filter>Source Files</Filter>
    </ClCompile>
  </ItemGroup>
  <ItemGroup>
    <ClInclude Include="annotations.h">
      <Filter>Header Files</Filter>
    </ClInclude>
    <ClInclude Include="applog.h">
      <Filter>Header Files</Filter>
    </ClInclude>
    <ClInclude Include="config.h">
      <Filter>Header Files</Filter>
    </ClInclude>
    <ClInclude Include="globals.h">
      <Filter>Header Files</Filter>
    </ClInclude>
    <ClInclude Include="graphics.h">
      <Filter>Header Files</Filter>
    </ClInclude>
    <ClInclude Include="iniFile.h">
      <Filter>Header Files</Filter>
    </ClInclude>
    <ClInclude Include="main.h">
      <Filter>Header Files</Filter>
    </ClInclude>
    <ClInclude Include="resource.h">
      <Filter>Header Files</Filter>
    </ClInclude>
    <ClInclude Include="serialV4.h">
      <Filter>Header Files</Filter>
    </ClInclude>
    <ClInclude Include="sigproc.h">
      <Filter>Header Files</Filter>
    </ClInclude>
    <ClInclude Include="util.h">
      <Filter>Header Files</Filter>
    </ClInclude>
    <ClInclude Include="thread_stream.h">
      <Filter>Header Files</Filter>
    </ClInclude>
    <ClInclude Include="edfPlus.h">
      <Filter>Header Files</Filter>
    </ClInclude>
    <ClInclude Include="thread_upload.h">
      <Filter>Header Files</Filter>
    </ClInclude>
    <ClInclude Include="thread_sample.h">
      <Filter>Header Files</Filter>
    </ClInclude>
    <ClInclude Include="thread_storage.h">
      <Filter>Header Files</Filter>
    </ClInclude>
    <ClInclude Include="thread_WiFi.h">
      <Filter>Header Files</Filter>
    </ClInclude>
    <ClInclude Include="linkedlist.h">
      <Filter>Header Files</Filter>
    </ClInclude>
  </ItemGroup>
  <ItemGroup>
    <None Include="icons\Toolbar 2\alert.ico">
      <Filter>Resource Files</Filter>
    </None>
    <None Include="icons\Toolbar 2\annotations.ico">
      <Filter>Resource Files</Filter>
    </None>
    <None Include="icons\batfull.ico">
      <Filter>Resource Files</Filter>
    </None>
    <None Include="icons\batlow1.ico">
      <Filter>Resource Files</Filter>
    </None>
    <None Include="icons\batlow2.ico">
      <Filter>Resource Files</Filter>
    </None>
    <None Include="icons\Toolbar 2\checkmark.ico">
      <Filter>Resource Files</Filter>
    </None>
    <None Include="icons\Toolbar 2\exit.ico">
      <Filter>Resource Files</Filter>
    </None>
    <None Include="icons\Toolbar 2\parameters.ico">
      <Filter>Resource Files</Filter>
    </None>
    <None Include="icons\Toolbar 2\patient.ico">
      <Filter>Resource Files</Filter>
    </None>
    <None Include="icons\Toolbar 2\Record.ico">
      <Filter>Resource Files</Filter>
    </None>
    <None Include="icons\Toolbar 2\recording.ico">
      <Filter>Resource Files</Filter>
    </None>
    <None Include="icons\Toolbar 2\Stop.ico">
      <Filter>Resource Files</Filter>
    </None>
    <None Include="icons\zigbee.ico">
      <Filter>Resource Files</Filter>
    </None>
    <None Include="icons\Toolbar 2\traffic_grn.bmp">
      <Filter>Resource Files</Filter>
    </None>
    <None Include="icons\Toolbar 2\traffic_red.bmp">
      <Filter>Resource Files</Filter>
    </None>
    <None Include="icons\Toolbar 2\traffic_redyel.bmp">
      <Filter>Resource Files</Filter>
    </None>
    <None Include="icons\Toolbar 2\traffic_yel.bmp">
      <Filter>Resource Files</Filter>
    </None>
    <None Include="icons\Toolbar 2\traffic_off.bmp">
      <Filter>Resource Files</Filter>
    </None>
  </ItemGroup>
  <ItemGroup>
    <ResourceCompile Include="zigbee.rc">
      <Filter>Resource Files</Filter>
    </ResourceCompile>
  </ItemGroup>
</Project>